
Microsoft Visual Studio Solution File, Format Version 12.00
# Visual Studio Version 17
VisualStudioVersion = 17.0.31919.166
MinimumVisualStudioVersion = 10.0.40219.1
Project("{9A19103F-16F7-4668-BE54-9A1E7A4F7556}") = "ExampleService", "ExampleService\ExampleService.csproj", "{A8D06885-7C0B-443A-A74B-051486C841B5}"
EndProject
Project("{9A19103F-16F7-4668-BE54-9A1E7A4F7556}") = "ExampleService.Data", "ExampleService.Data\ExampleService.Data.csproj", "{D41F780A-B50F-408B-BDF2-84616E539B23}"
EndProject
Global
	GlobalSection(SolutionConfigurationPlatforms) = preSolution
		Debug|Any CPU = Debug|Any CPU
		Release|Any CPU = Release|Any CPU
	EndGlobalSection
	GlobalSection(ProjectConfigurationPlatforms) = postSolution
		{A8D06885-7C0B-443A-A74B-051486C841B5}.Debug|Any CPU.ActiveCfg = Debug|Any CPU
		{A8D06885-7C0B-443A-A74B-051486C841B5}.Debug|Any CPU.Build.0 = Debug|Any CPU
		{A8D06885-7C0B-443A-A74B-051486C841B5}.Release|Any CPU.ActiveCfg = Release|Any CPU
		{A8D06885-7C0B-443A-A74B-051486C841B5}.Release|Any CPU.Build.0 = Release|Any CPU
		{D41F780A-B50F-408B-BDF2-84616E539B23}.Debug|Any CPU.ActiveCfg = Debug|Any CPU
		{D41F780A-B50F-408B-BDF2-84616E539B23}.Debug|Any CPU.Build.0 = Debug|Any CPU
		{D41F780A-B50F-408B-BDF2-84616E539B23}.Release|Any CPU.ActiveCfg = Release|Any CPU
		{D41F780A-B50F-408B-BDF2-84616E539B23}.Release|Any CPU.Build.0 = Release|Any CPU
	EndGlobalSection
	GlobalSection(SolutionProperties) = preSolution
		HideSolutionNode = FALSE
	EndGlobalSection
	GlobalSection(ExtensibilityGlobals) = postSolution
		SolutionGuid = {7EF01514-1C83-467E-8E02-F8706029AF17}
	EndGlobalSection
EndGlobal
